Microsoft Visual Studio Solution File, Format Version 11.00
# Visual Studio 2008

Project("{9ADF47B5-7F10-3017-A590-7713F43F0B95}") = "braintrainer", "Assembly-CSharp-vs.csproj", "{985F7ACE-6386-E361-E2D8-6321E673D024}"
EndProject
Project("{9ADF47B5-7F10-3017-A590-7713F43F0B95}") = "braintrainer", "Assembly-CSharp-Editor-vs.csproj", "{99CCEF81-01EE-94A7-7925-9C28CE94147E}"
EndProject
Global
	GlobalSection(SolutionConfigurationPlatforms) = preSolution
		Debug|Any CPU = Debug|Any CPU
		Release|Any CPU = Release|Any CPU
	EndGlobalSection
	GlobalSection(ProjectConfigurationPlatforms) = postSolution
		{985F7ACE-6386-E361-E2D8-6321E673D024}.Debug|Any CPU.ActiveCfg = Debug|Any CPU
		{985F7ACE-6386-E361-E2D8-6321E673D024}.Debug|Any CPU.Build.0 = Debug|Any CPU
		{985F7ACE-6386-E361-E2D8-6321E673D024}.Release|Any CPU.ActiveCfg = Release|Any CPU
		{985F7ACE-6386-E361-E2D8-6321E673D024}.Release|Any CPU.Build.0 = Release|Any CPU
		{99CCEF81-01EE-94A7-7925-9C28CE94147E}.Debug|Any CPU.ActiveCfg = Debug|Any CPU
		{99CCEF81-01EE-94A7-7925-9C28CE94147E}.Debug|Any CPU.Build.0 = Debug|Any CPU
		{99CCEF81-01EE-94A7-7925-9C28CE94147E}.Release|Any CPU.ActiveCfg = Release|Any CPU
		{99CCEF81-01EE-94A7-7925-9C28CE94147E}.Release|Any CPU.Build.0 = Release|Any CPU
	EndGlobalSection
	GlobalSection(SolutionProperties) = preSolution
		HideSolutionNode = FALSE
	EndGlobalSection
																												GlobalSection(MonoDevelopProperties) = preSolution
		StartupItem = Assembly-CSharp.csproj
		Policies = $0
		$0.TextStylePolicy = $1
		$1.inheritsSet = null
		$1.scope = text/x-csharp
		$0.CSharpFormattingPolicy = $2
		$2.inheritsSet = Mono
		$2.inheritsScope = text/x-csharp
		$2.scope = text/x-csharp
		$0.TextStylePolicy = $3
		$3.FileWidth = 120
		$3.TabWidth = 4
		$3.IndentWidth = 4
		$3.EolMarker = Unix
		$3.inheritsSet = Mono
		$3.inheritsScope = text/plain
		$3.scope = text/plain
	EndGlobalSection

EndGlobal
